
Microsoft Visual Studio Solution File, Format Version 12.00
# Visual Studio Version 17
VisualStudioVersion = 17.5.2.0
MinimumVisualStudioVersion = 10.0.40219.1
Project("{FAE04EC0-301F-11D3-BF4B-00C04F79EFBC}") = "SkillSnap", "SkillSnap.csproj", "{91EF46FA-9AB4-5E2A-7959-163970BDC5DE}"
EndProject
Project("{FAE04EC0-301F-11D3-BF4B-00C04F79EFBC}") = "SkillSnap.Api", "SkillSnap.Api\SkillSnap.Api.csproj", "{1EA32C40-4C6D-487C-A757-F47636583E0B}"
EndProject
Project("{FAE04EC0-301F-11D3-BF4B-00C04F79EFBC}") = "SkillSnap.Client", "SkillSnap.Client\SkillSnap.Client.csproj", "{42639304-871E-4912-9CA5-F9A6E81FFC9F}"
EndProject
Project("{FAE04EC0-301F-11D3-BF4B-00C04F79EFBC}") = "SkillSnap.Shared", "SkillSnap.Shared\SkillSnap.Shared.csproj", "{8BC37DD2-0159-4272-A750-3155E77549F6}"
EndProject
Global
	GlobalSection(SolutionConfigurationPlatforms) = preSolution
		Debug|Any CPU = Debug|Any CPU
		Debug|x64 = Debug|x64
		Debug|x86 = Debug|x86
		Release|Any CPU = Release|Any CPU
		Release|x64 = Release|x64
		Release|x86 = Release|x86
	EndGlobalSection
	GlobalSection(ProjectConfigurationPlatforms) = postSolution
		{91EF46FA-9AB4-5E2A-7959-163970BDC5DE}.Debug|Any CPU.ActiveCfg = Debug|Any CPU
		{91EF46FA-9AB4-5E2A-7959-163970BDC5DE}.Debug|Any CPU.Build.0 = Debug|Any CPU
		{91EF46FA-9AB4-5E2A-7959-163970BDC5DE}.Debug|x64.ActiveCfg = Debug|Any CPU
		{91EF46FA-9AB4-5E2A-7959-163970BDC5DE}.Debug|x64.Build.0 = Debug|Any CPU
		{91EF46FA-9AB4-5E2A-7959-163970BDC5DE}.Debug|x86.ActiveCfg = Debug|Any CPU
		{91EF46FA-9AB4-5E2A-7959-163970BDC5DE}.Debug|x86.Build.0 = Debug|Any CPU
		{91EF46FA-9AB4-5E2A-7959-163970BDC5DE}.Release|Any CPU.ActiveCfg = Release|Any CPU
		{91EF46FA-9AB4-5E2A-7959-163970BDC5DE}.Release|Any CPU.Build.0 = Release|Any CPU
		{91EF46FA-9AB4-5E2A-7959-163970BDC5DE}.Release|x64.ActiveCfg = Release|Any CPU
		{91EF46FA-9AB4-5E2A-7959-163970BDC5DE}.Release|x64.Build.0 = Release|Any CPU
		{91EF46FA-9AB4-5E2A-7959-163970BDC5DE}.Release|x86.ActiveCfg = Release|Any CPU
		{91EF46FA-9AB4-5E2A-7959-163970BDC5DE}.Release|x86.Build.0 = Release|Any CPU
		{1EA32C40-4C6D-487C-A757-F47636583E0B}.Debug|Any CPU.ActiveCfg = Debug|Any CPU
		{1EA32C40-4C6D-487C-A757-F47636583E0B}.Debug|Any CPU.Build.0 = Debug|Any CPU
		{1EA32C40-4C6D-487C-A757-F47636583E0B}.Debug|x64.ActiveCfg = Debug|Any CPU
		{1EA32C40-4C6D-487C-A757-F47636583E0B}.Debug|x64.Build.0 = Debug|Any CPU
		{1EA32C40-4C6D-487C-A757-F47636583E0B}.Debug|x86.ActiveCfg = Debug|Any CPU
		{1EA32C40-4C6D-487C-A757-F47636583E0B}.Debug|x86.Build.0 = Debug|Any CPU
		{1EA32C40-4C6D-487C-A757-F47636583E0B}.Release|Any CPU.ActiveCfg = Release|Any CPU
		{1EA32C40-4C6D-487C-A757-F47636583E0B}.Release|Any CPU.Build.0 = Release|Any CPU
		{1EA32C40-4C6D-487C-A757-F47636583E0B}.Release|x64.ActiveCfg = Release|Any CPU
		{1EA32C40-4C6D-487C-A757-F47636583E0B}.Release|x64.Build.0 = Release|Any CPU
		{1EA32C40-4C6D-487C-A757-F47636583E0B}.Release|x86.ActiveCfg = Release|Any CPU
		{1EA32C40-4C6D-487C-A757-F47636583E0B}.Release|x86.Build.0 = Release|Any CPU
		{42639304-871E-4912-9CA5-F9A6E81FFC9F}.Debug|Any CPU.ActiveCfg = Debug|Any CPU
		{42639304-871E-4912-9CA5-F9A6E81FFC9F}.Debug|Any CPU.Build.0 = Debug|Any CPU
		{42639304-871E-4912-9CA5-F9A6E81FFC9F}.Debug|x64.ActiveCfg = Debug|Any CPU
		{42639304-871E-4912-9CA5-F9A6E81FFC9F}.Debug|x64.Build.0 = Debug|Any CPU
		{42639304-871E-4912-9CA5-F9A6E81FFC9F}.Debug|x86.ActiveCfg = Debug|Any CPU
		{42639304-871E-4912-9CA5-F9A6E81FFC9F}.Debug|x86.Build.0 = Debug|Any CPU
		{42639304-871E-4912-9CA5-F9A6E81FFC9F}.Release|Any CPU.ActiveCfg = Release|Any CPU
		{42639304-871E-4912-9CA5-F9A6E81FFC9F}.Release|Any CPU.Build.0 = Release|Any CPU
		{42639304-871E-4912-9CA5-F9A6E81FFC9F}.Release|x64.ActiveCfg = Release|Any CPU
		{42639304-871E-4912-9CA5-F9A6E81FFC9F}.Release|x64.Build.0 = Release|Any CPU
		{42639304-871E-4912-9CA5-F9A6E81FFC9F}.Release|x86.ActiveCfg = Release|Any CPU
		{42639304-871E-4912-9CA5-F9A6E81FFC9F}.Release|x86.Build.0 = Release|Any CPU
		{8BC37DD2-0159-4272-A750-3155E77549F6}.Debug|Any CPU.ActiveCfg = Debug|Any CPU
		{8BC37DD2-0159-4272-A750-3155E77549F6}.Debug|Any CPU.Build.0 = Debug|Any CPU
		{8BC37DD2-0159-4272-A750-3155E77549F6}.Debug|x64.ActiveCfg = Debug|Any CPU
		{8BC37DD2-0159-4272-A750-3155E77549F6}.Debug|x64.Build.0 = Debug|Any CPU
		{8BC37DD2-0159-4272-A750-3155E77549F6}.Debug|x86.ActiveCfg = Debug|Any CPU
		{8BC37DD2-0159-4272-A750-3155E77549F6}.Debug|x86.Build.0 = Debug|Any CPU
		{8BC37DD2-0159-4272-A750-3155E77549F6}.Release|Any CPU.ActiveCfg = Release|Any CPU
		{8BC37DD2-0159-4272-A750-3155E77549F6}.Release|Any CPU.Build.0 = Release|Any CPU
		{8BC37DD2-0159-4272-A750-3155E77549F6}.Release|x64.ActiveCfg = Release|Any CPU
		{8BC37DD2-0159-4272-A750-3155E77549F6}.Release|x64.Build.0 = Release|Any CPU
		{8BC37DD2-0159-4272-A750-3155E77549F6}.Release|x86.ActiveCfg = Release|Any CPU
		{8BC37DD2-0159-4272-A750-3155E77549F6}.Release|x86.Build.0 = Release|Any CPU
	EndGlobalSection
	GlobalSection(SolutionProperties) = preSolution
		HideSolutionNode = FALSE
	EndGlobalSection
	GlobalSection(ExtensibilityGlobals) = postSolution
		SolutionGuid = {CD293DDF-14AE-4C92-86DD-3EED85F85394}
	EndGlobalSection
EndGlobal
